{
  "name": "MeshSense",
  "version": "1.0.0",
  "description": "Smart contracts for IoT data storage on blockchain",
  "main": "index.js",
  "type": "module",
  "scripts": {
    "compile": "hardhat compile",
    "clean": "hardhat clean",
    "test": "hardhat test",
    "coverage": "hardhat coverage",
    "gas-report": "REPORT_GAS=true hardhat test",
    "deploy:moonbase": "hardhat run scripts/deploy.ts --network moonbase",
    "deploy:moonbeam": "hardhat run scripts/deploy.ts --network moonbeam",
    "deploy:local": "hardhat run scripts/deploy.ts --network localhost",
    "batch": "hardhat run scripts/batch.ts --network moonbase",
    "node": "hardhat node",
    "verify": "hardhat verify",
    "typechain": "hardhat typechain"
  },
  "dependencies": {
    "@openzeppelin/contracts": "^4.9.3",
    "dotenv": "^16.4.5",
    "merkletreejs": "^0.3.10",
    "keccak256": "^1.0.6"
  },
  "devDependencies": {
    "@nomicfoundation/hardhat-chai-matchers": "^2.0.5",
    "@nomicfoundation/hardhat-ethers": "^3.0.5",
    "@nomicfoundation/hardhat-network-helpers": "^1.0.10",
    "@nomicfoundation/hardhat-toolbox": "^4.0.0",
    "@nomicfoundation/hardhat-verify": "^2.0.5",
    "@typechain/ethers-v6": "^0.5.1",
    "@typechain/hardhat": "^9.1.0",
    "@types/chai": "^4.3.12",
    "@types/mocha": "^10.0.7",
    "@types/node": "^20.11.28",
    "chai": "^4.4.1",
    "ethers": "^6.11.1",
    "hardhat": "^2.23.0",
    "hardhat-gas-reporter": "^1.0.10",
    "solidity-coverage": "^0.8.11",
    "ts-node": "^10.9.2",
    "typechain": "^8.3.2",
    "typescript": "^5.4.2"
  }
}